{
  "originHash" : "23292fe233e7c0ea03d096fae342a4221e59ae9d3859360ce243dee58dda1fd5",
  "pins" : [
    {
      "identity" : "zxing-cpp",
      "kind" : "remoteSourceControl",
      "location" : "https://github.com/zxing-cpp/zxing-cpp",
      "state" : {
        "revision" : "d6068bcebeb8fd9f0d35a99b00d202be86a14dbe",
        "version" : "2.3.0"
      }
    }
  ],
  "version" : 3
}
